// !$*UTF8*$!
{
	archiveVersion = 1;
	classes = {
	};
	objectVersion = 56;
	objects = {

/* Begin PBXBuildFile section */
		1A40EE852CFFC836000FE80B /* ZodiacView.swift in Sources */ = {isa = PBXBuildFile; fileRef = 1A40EE842CFFC836000FE80B /* ZodiacView.swift */; };
		1AB411DF2CFBD11D00A3E456 /* MoonApp.swift in Sources */ = {isa = PBXBuildFile; fileRef = 1AB411DE2CFBD11D00A3E456 /* MoonApp.swift */; };
		1AB411E12CFBD11D00A3E456 /* ContentView.swift in Sources */ = {isa = PBXBuildFile; fileRef = 1AB411E02CFBD11D00A3E456 /* ContentView.swift */; };
		1AB411E32CFBD11D00A3E456 /* Item.swift in Sources */ = {isa = PBXBuildFile; fileRef = 1AB411E22CFBD11D00A3E456 /* Item.swift */; };
		1AB411E52CFBD11F00A3E456 /* Assets.xcassets in Resources */ = {isa = PBXBuildFile; fileRef = 1AB411E42CFBD11F00A3E456 /* Assets.xcassets */; };
		1AB411E82CFBD11F00A3E456 /* Preview Assets.xcassets in Resources */ = {isa = PBXBuildFile; fileRef = 1AB411E72CFBD11F00A3E456 /* Preview Assets.xcassets */; };
		1AB411EF2CFBD1ED00A3E456 /* Keys.swift in Sources */ = {isa = PBXBuildFile; fileRef = 1AB411EE2CFBD1ED00A3E456 /* Keys.swift */; };
		1AB411F12CFBD30E00A3E456 /* MoonHelper.swift in Sources */ = {isa = PBXBuildFile; fileRef = 1AB411F02CFBD30E00A3E456 /* MoonHelper.swift */; };
		1AB411F32CFBDC6800A3E456 /* MoonPhase.swift in Sources */ = {isa = PBXBuildFile; fileRef = 1AB411F22CFBDC6800A3E456 /* MoonPhase.swift */; };
		1AB411F52CFBFC1D00A3E456 /* MoonView.swift in Sources */ = {isa = PBXBuildFile; fileRef = 1AB411F42CFBFC1D00A3E456 /* MoonView.swift */; };
		1AB411F72CFC283D00A3E456 /* LocationManager.swift in Sources */ = {isa = PBXBuildFile; fileRef = 1AB411F62CFC283D00A3E456 /* LocationManager.swift */; };
		1AB411FA2CFC340900A3E456 /* SunView.swift in Sources */ = {isa = PBXBuildFile; fileRef = 1AB411F92CFC340900A3E456 /* SunView.swift */; };
		1AB411FE2CFEC73D00A3E456 /* MoonWebViewController.swift in Sources */ = {isa = PBXBuildFile; fileRef = 1AB411FD2CFEC73D00A3E456 /* MoonWebViewController.swift */; };
		1AB412022CFEDEA000A3E456 /* SettingsView.swift in Sources */ = {isa = PBXBuildFile; fileRef = 1AB412012CFEDEA000A3E456 /* SettingsView.swift */; };
/* End PBXBuildFile section */

/* Begin PBXFileReference section */
		1A40EE842CFFC836000FE80B /* ZodiacView.swift */ = {isa = PBXFileReference; lastKnownFileType = sourcecode.swift; path = ZodiacView.swift; sourceTree = "<group>"; };
		1AB411DB2CFBD11D00A3E456 /* Moon.app */ = {isa = PBXFileReference; explicitFileType = wrapper.application; includeInIndex = 0; path = Moon.app; sourceTree = BUILT_PRODUCTS_DIR; };
		1AB411DE2CFBD11D00A3E456 /* MoonApp.swift */ = {isa = PBXFileReference; lastKnownFileType = sourcecode.swift; path = MoonApp.swift; sourceTree = "<group>"; };
		1AB411E02CFBD11D00A3E456 /* ContentView.swift */ = {isa = PBXFileReference; lastKnownFileType = sourcecode.swift; path = ContentView.swift; sourceTree = "<group>"; };
		1AB411E22CFBD11D00A3E456 /* Item.swift */ = {isa = PBXFileReference; lastKnownFileType = sourcecode.swift; path = Item.swift; sourceTree = "<group>"; };
		1AB411E42CFBD11F00A3E456 /* Assets.xcassets */ = {isa = PBXFileReference; lastKnownFileType = folder.assetcatalog; path = Assets.xcassets; sourceTree = "<group>"; };
		1AB411E72CFBD11F00A3E456 /* Preview Assets.xcassets */ = {isa = PBXFileReference; lastKnownFileType = folder.assetcatalog; path = "Preview Assets.xcassets"; sourceTree = "<group>"; };
		1AB411EE2CFBD1ED00A3E456 /* Keys.swift */ = {isa = PBXFileReference; lastKnownFileType = sourcecode.swift; path = Keys.swift; sourceTree = "<group>"; };
		1AB411F02CFBD30E00A3E456 /* MoonHelper.swift */ = {isa = PBXFileReference; lastKnownFileType = sourcecode.swift; path = MoonHelper.swift; sourceTree = "<group>"; };
		1AB411F22CFBDC6800A3E456 /* MoonPhase.swift */ = {isa = PBXFileReference; lastKnownFileType = sourcecode.swift; path = MoonPhase.swift; sourceTree = "<group>"; };
		1AB411F42CFBFC1D00A3E456 /* MoonView.swift */ = {isa = PBXFileReference; lastKnownFileType = sourcecode.swift; path = MoonView.swift; sourceTree = "<group>"; };
		1AB411F62CFC283D00A3E456 /* LocationManager.swift */ = {isa = PBXFileReference; lastKnownFileType = sourcecode.swift; path = LocationManager.swift; sourceTree = "<group>"; };
		1AB411F82CFC2FCB00A3E456 /* Info.plist */ = {isa = PBXFileReference; lastKnownFileType = text.plist; path = Info.plist; sourceTree = "<group>"; };
		1AB411F92CFC340900A3E456 /* SunView.swift */ = {isa = PBXFileReference; lastKnownFileType = sourcecode.swift; path = SunView.swift; sourceTree = "<group>"; };
		1AB411FD2CFEC73D00A3E456 /* MoonWebViewController.swift */ = {isa = PBXFileReference; lastKnownFileType = sourcecode.swift; path = MoonWebViewController.swift; sourceTree = "<group>"; };
		1AB412012CFEDEA000A3E456 /* SettingsView.swift */ = {isa = PBXFileReference; lastKnownFileType = sourcecode.swift; path = SettingsView.swift; sourceTree = "<group>"; };
/* End PBXFileReference section */

/* Begin PBXFrameworksBuildPhase section */
		1AB411D82CFBD11D00A3E456 /* Frameworks */ = {
			isa = PBXFrameworksBuildPhase;
			buildActionMask = 2147483647;
			files = (
			);
			runOnlyForDeploymentPostprocessing = 0;
		};
/* End PBXFrameworksBuildPhase section */

/* Begin PBXGroup section */
		1AB411D22CFBD11D00A3E456 = {
			isa = PBXGroup;
			children = (
				1AB411DD2CFBD11D00A3E456 /* Moon */,
				1AB411DC2CFBD11D00A3E456 /* Products */,
			);
			sourceTree = "<group>";
		};
		1AB411DC2CFBD11D00A3E456 /* Products */ = {
			isa = PBXGroup;
			children = (
				1AB411DB2CFBD11D00A3E456 /* Moon.app */,
			);
			name = Products;
			sourceTree = "<group>";
		};
		1AB411DD2CFBD11D00A3E456 /* Moon */ = {
			isa = PBXGroup;
			children = (
				1AB411F82CFC2FCB00A3E456 /* Info.plist */,
				1AB411DE2CFBD11D00A3E456 /* MoonApp.swift */,
				1AB411F62CFC283D00A3E456 /* LocationManager.swift */,
				1AB411E02CFBD11D00A3E456 /* ContentView.swift */,
				1AB411F42CFBFC1D00A3E456 /* MoonView.swift */,
				1AB411F92CFC340900A3E456 /* SunView.swift */,
				1AB411F02CFBD30E00A3E456 /* MoonHelper.swift */,
				1A40EE842CFFC836000FE80B /* ZodiacView.swift */,
				1AB411FD2CFEC73D00A3E456 /* MoonWebViewController.swift */,
				1AB412012CFEDEA000A3E456 /* SettingsView.swift */,
				1AB411F22CFBDC6800A3E456 /* MoonPhase.swift */,
				1AB411EE2CFBD1ED00A3E456 /* Keys.swift */,
				1AB411E22CFBD11D00A3E456 /* Item.swift */,
				1AB411E42CFBD11F00A3E456 /* Assets.xcassets */,
				1AB411E62CFBD11F00A3E456 /* Preview Content */,
			);
			path = Moon;
			sourceTree = "<group>";
		};
		1AB411E62CFBD11F00A3E456 /* Preview Content */ = {
			isa = PBXGroup;
			children = (
				1AB411E72CFBD11F00A3E456 /* Preview Assets.xcassets */,
			);
			path = "Preview Content";
			sourceTree = "<group>";
		};
/* End PBXGroup section */

/* Begin PBXNativeTarget section */
		1AB411DA2CFBD11D00A3E456 /* Moon */ = {
			isa = PBXNativeTarget;
			buildConfigurationList = 1AB411EB2CFBD11F00A3E456 /* Build configuration list for PBXNativeTarget "Moon" */;
			buildPhases = (
				1AB411D72CFBD11D00A3E456 /* Sources */,
				1AB411D82CFBD11D00A3E456 /* Frameworks */,
				1AB411D92CFBD11D00A3E456 /* Resources */,
			);
			buildRules = (
			);
			dependencies = (
			);
			name = Moon;
			productName = Moon;
			productReference = 1AB411DB2CFBD11D00A3E456 /* Moon.app */;
			productType = "com.apple.product-type.application";
		};
/* End PBXNativeTarget section */

/* Begin PBXProject section */
		1AB411D32CFBD11D00A3E456 /* Project object */ = {
			isa = PBXProject;
			attributes = {
				BuildIndependentTargetsInParallel = 1;
				LastSwiftUpdateCheck = 1540;
				LastUpgradeCheck = 1540;
				TargetAttributes = {
					1AB411DA2CFBD11D00A3E456 = {
						CreatedOnToolsVersion = 15.4;
					};
				};
			};
			buildConfigurationList = 1AB411D62CFBD11D00A3E456 /* Build configuration list for PBXProject "Moon" */;
			compatibilityVersion = "Xcode 14.0";
			developmentRegion = en;
			hasScannedForEncodings = 0;
			knownRegions = (
				en,
				Base,
			);
			mainGroup = 1AB411D22CFBD11D00A3E456;
			productRefGroup = 1AB411DC2CFBD11D00A3E456 /* Products */;
			projectDirPath = "";
			projectRoot = "";
			targets = (
				1AB411DA2CFBD11D00A3E456 /* Moon */,
			);
		};
/* End PBXProject section */

/* Begin PBXResourcesBuildPhase section */
		1AB411D92CFBD11D00A3E456 /* Resources */ = {
			isa = PBXResourcesBuildPhase;
			buildActionMask = 2147483647;
			files = (
				1AB411E82CFBD11F00A3E456 /* Preview Assets.xcassets in Resources */,
				1AB411E52CFBD11F00A3E456 /* Assets.xcassets in Resources */,
			);
			runOnlyForDeploymentPostprocessing = 0;
		};
/* End PBXResourcesBuildPhase section */

/* Begin PBXSourcesBuildPhase section */
		1AB411D72CFBD11D00A3E456 /* Sources */ = {
			isa = PBXSourcesBuildPhase;
			buildActionMask = 2147483647;
			files = (
				1AB412022CFEDEA000A3E456 /* SettingsView.swift in Sources */,
				1AB411E12CFBD11D00A3E456 /* ContentView.swift in Sources */,
				1AB411F12CFBD30E00A3E456 /* MoonHelper.swift in Sources */,
				1AB411EF2CFBD1ED00A3E456 /* Keys.swift in Sources */,
				1AB411E32CFBD11D00A3E456 /* Item.swift in Sources */,
				1AB411FA2CFC340900A3E456 /* SunView.swift in Sources */,
				1AB411F72CFC283D00A3E456 /* LocationManager.swift in Sources */,
				1AB411FE2CFEC73D00A3E456 /* MoonWebViewController.swift in Sources */,
				1A40EE852CFFC836000FE80B /* ZodiacView.swift in Sources */,
				1AB411F52CFBFC1D00A3E456 /* MoonView.swift in Sources */,
				1AB411F32CFBDC6800A3E456 /* MoonPhase.swift in Sources */,
				1AB411DF2CFBD11D00A3E456 /* MoonApp.swift in Sources */,
			);
			runOnlyForDeploymentPostprocessing = 0;
		};
/* End PBXSourcesBuildPhase section */

/* Begin XCBuildConfiguration section */
		1AB411E92CFBD11F00A3E456 /* Debug */ = {
			isa = XCBuildConfiguration;
			buildSettings = {
				ALWAYS_SEARCH_USER_PATHS = NO;
				ASSETCATALOG_COMPILER_GENERATE_SWIFT_ASSET_SYMBOL_EXTENSIONS = YES;
				CLANG_ANALYZER_NONNULL = YES;
				CLANG_ANALYZER_NUMBER_OBJECT_CONVERSION = YES_AGGRESSIVE;
				CLANG_CXX_LANGUAGE_STANDARD = "gnu++20";
				CLANG_ENABLE_MODULES = YES;
				CLANG_ENABLE_OBJC_ARC = YES;
				CLANG_ENABLE_OBJC_WEAK = YES;
				CLANG_WARN_BLOCK_CAPTURE_AUTORELEASING = YES;
				CLANG_WARN_BOOL_CONVERSION = YES;
				CLANG_WARN_COMMA = YES;
				CLANG_WARN_CONSTANT_CONVERSION = YES;
				CLANG_WARN_DEPRECATED_OBJC_IMPLEMENTATIONS = YES;
				CLANG_WARN_DIRECT_OBJC_ISA_USAGE = YES_ERROR;
				CLANG_WARN_DOCUMENTATION_COMMENTS = YES;
				CLANG_WARN_EMPTY_BODY = YES;
				CLANG_WARN_ENUM_CONVERSION = YES;
				CLANG_WARN_INFINITE_RECURSION = YES;
				CLANG_WARN_INT_CONVERSION = YES;
				CLANG_WARN_NON_LITERAL_NULL_CONVERSION = YES;
				CLANG_WARN_OBJC_IMPLICIT_RETAIN_SELF = YES;
				CLANG_WARN_OBJC_LITERAL_CONVERSION = YES;
				CLANG_WARN_OBJC_ROOT_CLASS = YES_ERROR;
				CLANG_WARN_QUOTED_INCLUDE_IN_FRAMEWORK_HEADER = YES;
				CLANG_WARN_RANGE_LOOP_ANALYSIS = YES;
				CLANG_WARN_STRICT_PROTOTYPES = YES;
				CLANG_WARN_SUSPICIOUS_MOVE = YES;
				CLANG_WARN_UNGUARDED_AVAILABILITY = YES_AGGRESSIVE;
				CLANG_WARN_UNREACHABLE_CODE = YES;
				CLANG_WARN__DUPLICATE_METHOD_MATCH = YES;
				COPY_PHASE_STRIP = NO;
				DEBUG_INFORMATION_FORMAT = dwarf;
				ENABLE_STRICT_OBJC_MSGSEND = YES;
				ENABLE_TESTABILITY = YES;
				ENABLE_USER_SCRIPT_SANDBOXING = YES;
				GCC_C_LANGUAGE_STANDARD = gnu17;
				GCC_DYNAMIC_NO_PIC = NO;
				GCC_NO_COMMON_BLOCKS = YES;
				GCC_OPTIMIZATION_LEVEL = 0;
				GCC_PREPROCESSOR_DEFINITIONS = (
					"DEBUG=1",
					"$(inherited)",
				);
				GCC_WARN_64_TO_32_BIT_CONVERSION = YES;
				GCC_WARN_ABOUT_RETURN_TYPE = YES_ERROR;
				GCC_WARN_UNDECLARED_SELECTOR = YES;
				GCC_WARN_UNINITIALIZED_AUTOS = YES_AGGRESSIVE;
				GCC_WARN_UNUSED_FUNCTION = YES;
				GCC_WARN_UNUSED_VARIABLE = YES;
				IPHONEOS_DEPLOYMENT_TARGET = 17.5;
				LOCALIZATION_PREFERS_STRING_CATALOGS = YES;
				MTL_ENABLE_DEBUG_INFO = INCLUDE_SOURCE;
				MTL_FAST_MATH = YES;
				ONLY_ACTIVE_ARCH = YES;
				SDKROOT = iphoneos;
				SWIFT_ACTIVE_COMPILATION_CONDITIONS = "DEBUG $(inherited)";
				SWIFT_OPTIMIZATION_LEVEL = "-Onone";
			};
			name = Debug;
		};
		1AB411EA2CFBD11F00A3E456 /* Release */ = {
			isa = XCBuildConfiguration;
			buildSettings = {
				ALWAYS_SEARCH_USER_PATHS = NO;
				ASSETCATALOG_COMPILER_GENERATE_SWIFT_ASSET_SYMBOL_EXTENSIONS = YES;
				CLANG_ANALYZER_NONNULL = YES;
				CLANG_ANALYZER_NUMBER_OBJECT_CONVERSION = YES_AGGRESSIVE;
				CLANG_CXX_LANGUAGE_STANDARD = "gnu++20";
				CLANG_ENABLE_MODULES = YES;
				CLANG_ENABLE_OBJC_ARC = YES;
				CLANG_ENABLE_OBJC_WEAK = YES;
				CLANG_WARN_BLOCK_CAPTURE_AUTORELEASING = YES;
				CLANG_WARN_BOOL_CONVERSION = YES;
				CLANG_WARN_COMMA = YES;
				CLANG_WARN_CONSTANT_CONVERSION = YES;
				CLANG_WARN_DEPRECATED_OBJC_IMPLEMENTATIONS = YES;
				CLANG_WARN_DIRECT_OBJC_ISA_USAGE = YES_ERROR;
				CLANG_WARN_DOCUMENTATION_COMMENTS = YES;
				CLANG_WARN_EMPTY_BODY = YES;
				CLANG_WARN_ENUM_CONVERSION = YES;
				CLANG_WARN_INFINITE_RECURSION = YES;
				CLANG_WARN_INT_CONVERSION = YES;
				CLANG_WARN_NON_LITERAL_NULL_CONVERSION = YES;
				CLANG_WARN_OBJC_IMPLICIT_RETAIN_SELF = YES;
				CLANG_WARN_OBJC_LITERAL_CONVERSION = YES;
				CLANG_WARN_OBJC_ROOT_CLASS = YES_ERROR;
				CLANG_WARN_QUOTED_INCLUDE_IN_FRAMEWORK_HEADER = YES;
				CLANG_WARN_RANGE_LOOP_ANALYSIS = YES;
				CLANG_WARN_STRICT_PROTOTYPES = YES;
				CLANG_WARN_SUSPICIOUS_MOVE = YES;
				CLANG_WARN_UNGUARDED_AVAILABILITY = YES_AGGRESSIVE;
				CLANG_WARN_UNREACHABLE_CODE = YES;
				CLANG_WARN__DUPLICATE_METHOD_MATCH = YES;
				COPY_PHASE_STRIP = NO;
				DEBUG_INFORMATION_FORMAT = "dwarf-with-dsym";
				ENABLE_NS_ASSERTIONS = NO;
				ENABLE_STRICT_OBJC_MSGSEND = YES;
				ENABLE_USER_SCRIPT_SANDBOXING = YES;
				GCC_C_LANGUAGE_STANDARD = gnu17;
				GCC_NO_COMMON_BLOCKS = YES;
				GCC_WARN_64_TO_32_BIT_CONVERSION = YES;
				GCC_WARN_ABOUT_RETURN_TYPE = YES_ERROR;
				GCC_WARN_UNDECLARED_SELECTOR = YES;
				GCC_WARN_UNINITIALIZED_AUTOS = YES_AGGRESSIVE;
				GCC_WARN_UNUSED_FUNCTION = YES;
				GCC_WARN_UNUSED_VARIABLE = YES;
				IPHONEOS_DEPLOYMENT_TARGET = 17.5;
				LOCALIZATION_PREFERS_STRING_CATALOGS = YES;
				MTL_ENABLE_DEBUG_INFO = NO;
				MTL_FAST_MATH = YES;
				SDKROOT = iphoneos;
				SWIFT_COMPILATION_MODE = wholemodule;
				VALIDATE_PRODUCT = YES;
			};
			name = Release;
		};
		1AB411EC2CFBD11F00A3E456 /* Debug */ = {
			isa = XCBuildConfiguration;
			buildSettings = {
				ASSETCATALOG_COMPILER_APPICON_NAME = AppIcon;
				ASSETCATALOG_COMPILER_GLOBAL_ACCENT_COLOR_NAME = AccentColor;
				CODE_SIGN_STYLE = Automatic;
				CURRENT_PROJECT_VERSION = 1;
				DEVELOPMENT_ASSET_PATHS = "\"Moon/Preview Content\"";
				DEVELOPMENT_TEAM = XRZW598H83;
				ENABLE_PREVIEWS = YES;
				GENERATE_INFOPLIST_FILE = YES;
				INFOPLIST_FILE = Moon/Info.plist;
				INFOPLIST_KEY_NSLocationAlwaysAndWhenInUseUsageDescription = "We need your location to show the moon phase.";
				INFOPLIST_KEY_NSLocationWhenInUseUsageDescription = "We need your location to show the moon phase.";
				INFOPLIST_KEY_UIApplicationSceneManifest_Generation = YES;
				INFOPLIST_KEY_UIApplicationSupportsIndirectInputEvents = YES;
				INFOPLIST_KEY_UILaunchScreen_Generation = YES;
				INFOPLIST_KEY_UISupportedInterfaceOrientations_iPad = "UIInterfaceOrientationPortrait UIInterfaceOrientationPortraitUpsideDown UIInterfaceOrientationLandscapeLeft UIInterfaceOrientationLandscapeRight";
				INFOPLIST_KEY_UISupportedInterfaceOrientations_iPhone = "UIInterfaceOrientationPortrait UIInterfaceOrientationLandscapeLeft UIInterfaceOrientationLandscapeRight";
				LD_RUNPATH_SEARCH_PATHS = (
					"$(inherited)",
					"@executable_path/Frameworks",
				);
				MARKETING_VERSION = 1.0;
				PRODUCT_BUNDLE_IDENTIFIER = ddennis.Moon;
				PRODUCT_NAME = "$(TARGET_NAME)";
				SWIFT_EMIT_LOC_STRINGS = YES;
				SWIFT_VERSION = 5.0;
				TARGETED_DEVICE_FAMILY = "1,2";
			};
			name = Debug;
		};
		1AB411ED2CFBD11F00A3E456 /* Release */ = {
			isa = XCBuildConfiguration;
			buildSettings = {
				ASSETCATALOG_COMPILER_APPICON_NAME = AppIcon;
				ASSETCATALOG_COMPILER_GLOBAL_ACCENT_COLOR_NAME = AccentColor;
				CODE_SIGN_STYLE = Automatic;
				CURRENT_PROJECT_VERSION = 1;
				DEVELOPMENT_ASSET_PATHS = "\"Moon/Preview Content\"";
				DEVELOPMENT_TEAM = XRZW598H83;
				ENABLE_PREVIEWS = YES;
				GENERATE_INFOPLIST_FILE = YES;
				INFOPLIST_FILE = Moon/Info.plist;
				INFOPLIST_KEY_NSLocationAlwaysAndWhenInUseUsageDescription = "We need your location to show the moon phase.";
				INFOPLIST_KEY_NSLocationWhenInUseUsageDescription = "We need your location to show the moon phase.";
				INFOPLIST_KEY_UIApplicationSceneManifest_Generation = YES;
				INFOPLIST_KEY_UIApplicationSupportsIndirectInputEvents = YES;
				INFOPLIST_KEY_UILaunchScreen_Generation = YES;
				INFOPLIST_KEY_UISupportedInterfaceOrientations_iPad = "UIInterfaceOrientationPortrait UIInterfaceOrientationPortraitUpsideDown UIInterfaceOrientationLandscapeLeft UIInterfaceOrientationLandscapeRight";
				INFOPLIST_KEY_UISupportedInterfaceOrientations_iPhone = "UIInterfaceOrientationPortrait UIInterfaceOrientationLandscapeLeft UIInterfaceOrientationLandscapeRight";
				LD_RUNPATH_SEARCH_PATHS = (
					"$(inherited)",
					"@executable_path/Frameworks",
				);
				MARKETING_VERSION = 1.0;
				PRODUCT_BUNDLE_IDENTIFIER = ddennis.Moon;
				PRODUCT_NAME = "$(TARGET_NAME)";
				SWIFT_EMIT_LOC_STRINGS = YES;
				SWIFT_VERSION = 5.0;
				TARGETED_DEVICE_FAMILY = "1,2";
			};
			name = Release;
		};
/* End XCBuildConfiguration section */

/* Begin XCConfigurationList section */
		1AB411D62CFBD11D00A3E456 /* Build configuration list for PBXProject "Moon" */ = {
			isa = XCConfigurationList;
			buildConfigurations = (
				1AB411E92CFBD11F00A3E456 /* Debug */,
				1AB411EA2CFBD11F00A3E456 /* Release */,
			);
			defaultConfigurationIsVisible = 0;
			defaultConfigurationName = Release;
		};
		1AB411EB2CFBD11F00A3E456 /* Build configuration list for PBXNativeTarget "Moon" */ = {
			isa = XCConfigurationList;
			buildConfigurations = (
				1AB411EC2CFBD11F00A3E456 /* Debug */,
				1AB411ED2CFBD11F00A3E456 /* Release */,
			);
			defaultConfigurationIsVisible = 0;
			defaultConfigurationName = Release;
		};
/* End XCConfigurationList section */
	};
	rootObject = 1AB411D32CFBD11D00A3E456 /* Project object */;
}
